
Microsoft Visual Studio Solution File, Format Version 12.00
# Visual Studio Version 16
VisualStudioVersion = 16.0.33801.447
MinimumVisualStudioVersion = 10.0.40219.1
Project("{FAE04EC0-301F-11D3-BF4B-00C04F79EFBC}") = "Screen-Sound-04", "Screen-Sound-04\Screen-Sound-04.csproj", "{D74FC790-DE8D-4A66-8B31-AF21F22D4CB4}"
EndProject
Global
	GlobalSection(SolutionConfigurationPlatforms) = preSolution
		Debug|Any CPU = Debug|Any CPU
		Release|Any CPU = Release|Any CPU
	EndGlobalSection
	GlobalSection(ProjectConfigurationPlatforms) = postSolution
		{D74FC790-DE8D-4A66-8B31-AF21F22D4CB4}.Debug|Any CPU.ActiveCfg = Debug|Any CPU
		{D74FC790-DE8D-4A66-8B31-AF21F22D4CB4}.Debug|Any CPU.Build.0 = Debug|Any CPU
		{D74FC790-DE8D-4A66-8B31-AF21F22D4CB4}.Release|Any CPU.ActiveCfg = Release|Any CPU
		{D74FC790-DE8D-4A66-8B31-AF21F22D4CB4}.Release|Any CPU.Build.0 = Release|Any CPU
	EndGlobalSection
	GlobalSection(SolutionProperties) = preSolution
		HideSolutionNode = FALSE
	EndGlobalSection
	GlobalSection(ExtensibilityGlobals) = postSolution
		SolutionGuid = {FBC84D83-3D9F-49CA-9AC9-E43AF40E17BB}
	EndGlobalSection
EndGlobal
